
Microsoft Visual Studio Solution File, Format Version 12.00
# Visual Studio Version 16
VisualStudioVersion = 16.0.30011.22
MinimumVisualStudioVersion = 10.0.40219.1
Project("{FAE04EC0-301F-11D3-BF4B-00C04F79EFBC}") = "LosownikPrezentowy", "LosownikPrezentowy.csproj", "{7C974D12-0D9A-476D-BB3E-523125F18E72}"
EndProject
Global
	GlobalSection(SolutionConfigurationPlatforms) = preSolution
		Debug|Any CPU = Debug|Any CPU
		Release|Any CPU = Release|Any CPU
	EndGlobalSection
	GlobalSection(ProjectConfigurationPlatforms) = postSolution
		{7C974D12-0D9A-476D-BB3E-523125F18E72}.Debug|Any CPU.ActiveCfg = Debug|Any CPU
		{7C974D12-0D9A-476D-BB3E-523125F18E72}.Debug|Any CPU.Build.0 = Debug|Any CPU
		{7C974D12-0D9A-476D-BB3E-523125F18E72}.Release|Any CPU.ActiveCfg = Release|Any CPU
		{7C974D12-0D9A-476D-BB3E-523125F18E72}.Release|Any CPU.Build.0 = Release|Any CPU
	EndGlobalSection
	GlobalSection(SolutionProperties) = preSolution
		HideSolutionNode = FALSE
	EndGlobalSection
	GlobalSection(ExtensibilityGlobals) = postSolution
		SolutionGuid = {9C038EF3-3774-49FC-9C98-F54025CC0981}
	EndGlobalSection
EndGlobal
